
Microsoft Visual Studio Solution File, Format Version 12.00
# Visual Studio Version 16
VisualStudioVersion = 16.0.31727.386
MinimumVisualStudioVersion = 10.0.40219.1
Project("{FAE04EC0-301F-11D3-BF4B-00C04F79EFBC}") = "EncryptionApp", "EncryptionApp\EncryptionApp.csproj", "{1AC7E6D8-D7A3-46EA-95FF-81DDCCA55796}"
EndProject
Global
	GlobalSection(SolutionConfigurationPlatforms) = preSolution
		Debug|Any CPU = Debug|Any CPU
		Release|Any CPU = Release|Any CPU
	EndGlobalSection
	GlobalSection(ProjectConfigurationPlatforms) = postSolution
		{1AC7E6D8-D7A3-46EA-95FF-81DDCCA55796}.Debug|Any CPU.ActiveCfg = Debug|Any CPU
		{1AC7E6D8-D7A3-46EA-95FF-81DDCCA55796}.Debug|Any CPU.Build.0 = Debug|Any CPU
		{1AC7E6D8-D7A3-46EA-95FF-81DDCCA55796}.Release|Any CPU.ActiveCfg = Release|Any CPU
		{1AC7E6D8-D7A3-46EA-95FF-81DDCCA55796}.Release|Any CPU.Build.0 = Release|Any CPU
	EndGlobalSection
	GlobalSection(SolutionProperties) = preSolution
		HideSolutionNode = FALSE
	EndGlobalSection
	GlobalSection(ExtensibilityGlobals) = postSolution
		SolutionGuid = {CEDB5D51-1B8D-45FF-AD1B-8AEA3D1E917C}
	EndGlobalSection
EndGlobal
